
Microsoft Visual Studio Solution File, Format Version 12.00
# Visual Studio Version 17
VisualStudioVersion = 17.4.33213.308
MinimumVisualStudioVersion = 10.0.40219.1
Project("{FAE04EC0-301F-11D3-BF4B-00C04F79EFBC}") = "HelloWorld!", "HelloWorld!.csproj", "{943CD9F1-B8CF-4FC4-B358-BEF0C569EFC9}"
EndProject
Global
	GlobalSection(SolutionConfigurationPlatforms) = preSolution
		Debug|Any CPU = Debug|Any CPU
		Release|Any CPU = Release|Any CPU
	EndGlobalSection
	GlobalSection(ProjectConfigurationPlatforms) = postSolution
		{943CD9F1-B8CF-4FC4-B358-BEF0C569EFC9}.Debug|Any CPU.ActiveCfg = Debug|Any CPU
		{943CD9F1-B8CF-4FC4-B358-BEF0C569EFC9}.Debug|Any CPU.Build.0 = Debug|Any CPU
		{943CD9F1-B8CF-4FC4-B358-BEF0C569EFC9}.Release|Any CPU.ActiveCfg = Release|Any CPU
		{943CD9F1-B8CF-4FC4-B358-BEF0C569EFC9}.Release|Any CPU.Build.0 = Release|Any CPU
	EndGlobalSection
	GlobalSection(SolutionProperties) = preSolution
		HideSolutionNode = FALSE
	EndGlobalSection
	GlobalSection(ExtensibilityGlobals) = postSolution
		SolutionGuid = {A3B564F7-C162-4119-AC4A-ADFAC5B82089}
	EndGlobalSection
EndGlobal
